
Microsoft Visual Studio Solution File, Format Version 12.00
# Visual Studio Version 17
VisualStudioVersion = 17.1.31911.260
MinimumVisualStudioVersion = 10.0.40219.1
Project("{FAE04EC0-301F-11D3-BF4B-00C04F79EFBC}") = "GeoArcSysAIOCLITool", "GeoArcSysAIOCLITool\GeoArcSysAIOCLITool.csproj", "{776A26E5-61E5-4EB5-B8FF-995BA16EF9E4}"
EndProject
Project("{FAE04EC0-301F-11D3-BF4B-00C04F79EFBC}") = "WindowsAPICodePack", "..\..\..\Projects\WindowsAPICodePack\WindowsAPICodePack.csproj", "{45109B18-99D7-474C-8013-A9EB65643BD2}"
EndProject
Project("{2150E333-8FDC-42A3-9474-1A3956D46DE8}") = "3rd Party", "3rd Party", "{AF9F4FA0-52A2-4551-8C69-D48B4DD5AB34}"
EndProject
Project("{FAE04EC0-301F-11D3-BF4B-00C04F79EFBC}") = "Ionic.Zlib", "..\..\..\Projects\Ionic.Zlib\Ionic.Zlib\Ionic.Zlib.csproj", "{4068E321-94CA-4EA5-B1F9-33E1D854E6D2}"
EndProject
Project("{2150E333-8FDC-42A3-9474-1A3956D46DE8}") = "Lib", "Lib", "{EEF2787C-08C9-434E-A71F-6EBF8B17677F}"
EndProject
Project("{FAE04EC0-301F-11D3-BF4B-00C04F79EFBC}") = "Steamless.API", "..\..\atom0s\Steamless\Steamless.API\Steamless.API.csproj", "{56C95629-3B34-47FE-B988-04274409294F}"
EndProject
Project("{FAE04EC0-301F-11D3-BF4B-00C04F79EFBC}") = "ArcSysLib", "..\ArcSysLib\ArcSysLib\ArcSysLib.csproj", "{78146821-FBC1-43AF-B515-BE2822CBBCBB}"
EndProject
Project("{FAE04EC0-301F-11D3-BF4B-00C04F79EFBC}") = "GCLILib", "..\GCLILib\GCLILib\GCLILib.csproj", "{B27D5994-7531-4B23-A40F-9CDB6BBC045B}"
EndProject
Project("{FAE04EC0-301F-11D3-BF4B-00C04F79EFBC}") = "MemoryLib", "..\MemoryLib\MemoryLib\MemoryLib.csproj", "{2C4D35DD-4715-4A66-9D2C-9FEAC0CE3F4A}"
EndProject
Project("{FAE04EC0-301F-11D3-BF4B-00C04F79EFBC}") = "GHLib", "..\GHLib\GHLib\GHLib.csproj", "{DF9D041F-0974-4A6F-BC30-274E0F915D89}"
EndProject
Project("{FAE04EC0-301F-11D3-BF4B-00C04F79EFBC}") = "PaletteLib", "..\PaletteLib\PaletteLib\PaletteLib.csproj", "{3D9A7EFD-6AA6-4560-BC2B-E403A6B55C47}"
EndProject
Project("{FAE04EC0-301F-11D3-BF4B-00C04F79EFBC}") = "ProcessLib", "..\ProcessLib\ProcessLib\ProcessLib.csproj", "{8579E524-8611-43DE-A7C4-5D7D5F7E0308}"
EndProject
Project("{FAE04EC0-301F-11D3-BF4B-00C04F79EFBC}") = "VFSILib", "..\VFSILib\VFSILib\VFSILib.csproj", "{74139B5E-9BF9-4B11-A11A-BB44A4384029}"
EndProject
Global
	GlobalSection(SolutionConfigurationPlatforms) = preSolution
		Debug|Any CPU = Debug|Any CPU
		Debug|x86 = Debug|x86
		Release|Any CPU = Release|Any CPU
		Release|x86 = Release|x86
	EndGlobalSection
	GlobalSection(ProjectConfigurationPlatforms) = postSolution
		{776A26E5-61E5-4EB5-B8FF-995BA16EF9E4}.Debug|Any CPU.ActiveCfg = Debug|Any CPU
		{776A26E5-61E5-4EB5-B8FF-995BA16EF9E4}.Debug|Any CPU.Build.0 = Debug|Any CPU
		{776A26E5-61E5-4EB5-B8FF-995BA16EF9E4}.Debug|x86.ActiveCfg = Debug|Any CPU
		{776A26E5-61E5-4EB5-B8FF-995BA16EF9E4}.Debug|x86.Build.0 = Debug|Any CPU
		{776A26E5-61E5-4EB5-B8FF-995BA16EF9E4}.Release|Any CPU.ActiveCfg = Release|Any CPU
		{776A26E5-61E5-4EB5-B8FF-995BA16EF9E4}.Release|Any CPU.Build.0 = Release|Any CPU
		{776A26E5-61E5-4EB5-B8FF-995BA16EF9E4}.Release|x86.ActiveCfg = Release|Any CPU
		{776A26E5-61E5-4EB5-B8FF-995BA16EF9E4}.Release|x86.Build.0 = Release|Any CPU
		{45109B18-99D7-474C-8013-A9EB65643BD2}.Debug|Any CPU.ActiveCfg = Debug|Any CPU
		{45109B18-99D7-474C-8013-A9EB65643BD2}.Debug|Any CPU.Build.0 = Debug|Any CPU
		{45109B18-99D7-474C-8013-A9EB65643BD2}.Debug|x86.ActiveCfg = Debug|Any CPU
		{45109B18-99D7-474C-8013-A9EB65643BD2}.Debug|x86.Build.0 = Debug|Any CPU
		{45109B18-99D7-474C-8013-A9EB65643BD2}.Release|Any CPU.ActiveCfg = Release|Any CPU
		{45109B18-99D7-474C-8013-A9EB65643BD2}.Release|Any CPU.Build.0 = Release|Any CPU
		{45109B18-99D7-474C-8013-A9EB65643BD2}.Release|x86.ActiveCfg = Release|Any CPU
		{45109B18-99D7-474C-8013-A9EB65643BD2}.Release|x86.Build.0 = Release|Any CPU
		{4068E321-94CA-4EA5-B1F9-33E1D854E6D2}.Debug|Any CPU.ActiveCfg = Debug|Any CPU
		{4068E321-94CA-4EA5-B1F9-33E1D854E6D2}.Debug|Any CPU.Build.0 = Debug|Any CPU
		{4068E321-94CA-4EA5-B1F9-33E1D854E6D2}.Debug|x86.ActiveCfg = Debug|Any CPU
		{4068E321-94CA-4EA5-B1F9-33E1D854E6D2}.Debug|x86.Build.0 = Debug|Any CPU
		{4068E321-94CA-4EA5-B1F9-33E1D854E6D2}.Release|Any CPU.ActiveCfg = Release|Any CPU
		{4068E321-94CA-4EA5-B1F9-33E1D854E6D2}.Release|Any CPU.Build.0 = Release|Any CPU
		{4068E321-94CA-4EA5-B1F9-33E1D854E6D2}.Release|x86.ActiveCfg = Release|Any CPU
		{4068E321-94CA-4EA5-B1F9-33E1D854E6D2}.Release|x86.Build.0 = Release|Any CPU
		{56C95629-3B34-47FE-B988-04274409294F}.Debug|Any CPU.ActiveCfg = Debug|Any CPU
		{56C95629-3B34-47FE-B988-04274409294F}.Debug|Any CPU.Build.0 = Debug|Any CPU
		{56C95629-3B34-47FE-B988-04274409294F}.Debug|x86.ActiveCfg = Debug|Any CPU
		{56C95629-3B34-47FE-B988-04274409294F}.Debug|x86.Build.0 = Debug|Any CPU
		{56C95629-3B34-47FE-B988-04274409294F}.Release|Any CPU.ActiveCfg = Release|Any CPU
		{56C95629-3B34-47FE-B988-04274409294F}.Release|Any CPU.Build.0 = Release|Any CPU
		{56C95629-3B34-47FE-B988-04274409294F}.Release|x86.ActiveCfg = Release|Any CPU
		{56C95629-3B34-47FE-B988-04274409294F}.Release|x86.Build.0 = Release|Any CPU
		{78146821-FBC1-43AF-B515-BE2822CBBCBB}.Debug|Any CPU.ActiveCfg = Debug|Any CPU
		{78146821-FBC1-43AF-B515-BE2822CBBCBB}.Debug|Any CPU.Build.0 = Debug|Any CPU
		{78146821-FBC1-43AF-B515-BE2822CBBCBB}.Debug|x86.ActiveCfg = Debug|Any CPU
		{78146821-FBC1-43AF-B515-BE2822CBBCBB}.Debug|x86.Build.0 = Debug|Any CPU
		{78146821-FBC1-43AF-B515-BE2822CBBCBB}.Release|Any CPU.ActiveCfg = Release|Any CPU
		{78146821-FBC1-43AF-B515-BE2822CBBCBB}.Release|Any CPU.Build.0 = Release|Any CPU
		{78146821-FBC1-43AF-B515-BE2822CBBCBB}.Release|x86.ActiveCfg = Release|Any CPU
		{78146821-FBC1-43AF-B515-BE2822CBBCBB}.Release|x86.Build.0 = Release|Any CPU
		{B27D5994-7531-4B23-A40F-9CDB6BBC045B}.Debug|Any CPU.ActiveCfg = Debug|Any CPU
		{B27D5994-7531-4B23-A40F-9CDB6BBC045B}.Debug|Any CPU.Build.0 = Debug|Any CPU
		{B27D5994-7531-4B23-A40F-9CDB6BBC045B}.Debug|x86.ActiveCfg = Debug|Any CPU
		{B27D5994-7531-4B23-A40F-9CDB6BBC045B}.Debug|x86.Build.0 = Debug|Any CPU
		{B27D5994-7531-4B23-A40F-9CDB6BBC045B}.Release|Any CPU.ActiveCfg = Release|Any CPU
		{B27D5994-7531-4B23-A40F-9CDB6BBC045B}.Release|Any CPU.Build.0 = Release|Any CPU
		{B27D5994-7531-4B23-A40F-9CDB6BBC045B}.Release|x86.ActiveCfg = Release|Any CPU
		{B27D5994-7531-4B23-A40F-9CDB6BBC045B}.Release|x86.Build.0 = Release|Any CPU
		{2C4D35DD-4715-4A66-9D2C-9FEAC0CE3F4A}.Debug|Any CPU.ActiveCfg = Debug|Any CPU
		{2C4D35DD-4715-4A66-9D2C-9FEAC0CE3F4A}.Debug|Any CPU.Build.0 = Debug|Any CPU
		{2C4D35DD-4715-4A66-9D2C-9FEAC0CE3F4A}.Debug|x86.ActiveCfg = Debug|Any CPU
		{2C4D35DD-4715-4A66-9D2C-9FEAC0CE3F4A}.Debug|x86.Build.0 = Debug|Any CPU
		{2C4D35DD-4715-4A66-9D2C-9FEAC0CE3F4A}.Release|Any CPU.ActiveCfg = Release|Any CPU
		{2C4D35DD-4715-4A66-9D2C-9FEAC0CE3F4A}.Release|Any CPU.Build.0 = Release|Any CPU
		{2C4D35DD-4715-4A66-9D2C-9FEAC0CE3F4A}.Release|x86.ActiveCfg = Release|Any CPU
		{2C4D35DD-4715-4A66-9D2C-9FEAC0CE3F4A}.Release|x86.Build.0 = Release|Any CPU
		{DF9D041F-0974-4A6F-BC30-274E0F915D89}.Debug|Any CPU.ActiveCfg = Debug|Any CPU
		{DF9D041F-0974-4A6F-BC30-274E0F915D89}.Debug|Any CPU.Build.0 = Debug|Any CPU
		{DF9D041F-0974-4A6F-BC30-274E0F915D89}.Debug|x86.ActiveCfg = Debug|Any CPU
		{DF9D041F-0974-4A6F-BC30-274E0F915D89}.Debug|x86.Build.0 = Debug|Any CPU
		{DF9D041F-0974-4A6F-BC30-274E0F915D89}.Release|Any CPU.ActiveCfg = Release|Any CPU
		{DF9D041F-0974-4A6F-BC30-274E0F915D89}.Release|Any CPU.Build.0 = Release|Any CPU
		{DF9D041F-0974-4A6F-BC30-274E0F915D89}.Release|x86.ActiveCfg = Release|Any CPU
		{DF9D041F-0974-4A6F-BC30-274E0F915D89}.Release|x86.Build.0 = Release|Any CPU
		{3D9A7EFD-6AA6-4560-BC2B-E403A6B55C47}.Debug|Any CPU.ActiveCfg = Debug|Any CPU
		{3D9A7EFD-6AA6-4560-BC2B-E403A6B55C47}.Debug|Any CPU.Build.0 = Debug|Any CPU
		{3D9A7EFD-6AA6-4560-BC2B-E403A6B55C47}.Debug|x86.ActiveCfg = Debug|Any CPU
		{3D9A7EFD-6AA6-4560-BC2B-E403A6B55C47}.Debug|x86.Build.0 = Debug|Any CPU
		{3D9A7EFD-6AA6-4560-BC2B-E403A6B55C47}.Release|Any CPU.ActiveCfg = Release|Any CPU
		{3D9A7EFD-6AA6-4560-BC2B-E403A6B55C47}.Release|Any CPU.Build.0 = Release|Any CPU
		{3D9A7EFD-6AA6-4560-BC2B-E403A6B55C47}.Release|x86.ActiveCfg = Release|Any CPU
		{3D9A7EFD-6AA6-4560-BC2B-E403A6B55C47}.Release|x86.Build.0 = Release|Any CPU
		{8579E524-8611-43DE-A7C4-5D7D5F7E0308}.Debug|Any CPU.ActiveCfg = Debug|Any CPU
		{8579E524-8611-43DE-A7C4-5D7D5F7E0308}.Debug|Any CPU.Build.0 = Debug|Any CPU
		{8579E524-8611-43DE-A7C4-5D7D5F7E0308}.Debug|x86.ActiveCfg = Debug|Any CPU
		{8579E524-8611-43DE-A7C4-5D7D5F7E0308}.Debug|x86.Build.0 = Debug|Any CPU
		{8579E524-8611-43DE-A7C4-5D7D5F7E0308}.Release|Any CPU.ActiveCfg = Release|Any CPU
		{8579E524-8611-43DE-A7C4-5D7D5F7E0308}.Release|Any CPU.Build.0 = Release|Any CPU
		{8579E524-8611-43DE-A7C4-5D7D5F7E0308}.Release|x86.ActiveCfg = Release|Any CPU
		{8579E524-8611-43DE-A7C4-5D7D5F7E0308}.Release|x86.Build.0 = Release|Any CPU
		{74139B5E-9BF9-4B11-A11A-BB44A4384029}.Debug|Any CPU.ActiveCfg = Debug|Any CPU
		{74139B5E-9BF9-4B11-A11A-BB44A4384029}.Debug|Any CPU.Build.0 = Debug|Any CPU
		{74139B5E-9BF9-4B11-A11A-BB44A4384029}.Debug|x86.ActiveCfg = Debug|Any CPU
		{74139B5E-9BF9-4B11-A11A-BB44A4384029}.Debug|x86.Build.0 = Debug|Any CPU
		{74139B5E-9BF9-4B11-A11A-BB44A4384029}.Release|Any CPU.ActiveCfg = Release|Any CPU
		{74139B5E-9BF9-4B11-A11A-BB44A4384029}.Release|Any CPU.Build.0 = Release|Any CPU
		{74139B5E-9BF9-4B11-A11A-BB44A4384029}.Release|x86.ActiveCfg = Release|Any CPU
		{74139B5E-9BF9-4B11-A11A-BB44A4384029}.Release|x86.Build.0 = Release|Any CPU
	EndGlobalSection
	GlobalSection(SolutionProperties) = preSolution
		HideSolutionNode = FALSE
	EndGlobalSection
	GlobalSection(NestedProjects) = preSolution
		{45109B18-99D7-474C-8013-A9EB65643BD2} = {AF9F4FA0-52A2-4551-8C69-D48B4DD5AB34}
		{4068E321-94CA-4EA5-B1F9-33E1D854E6D2} = {AF9F4FA0-52A2-4551-8C69-D48B4DD5AB34}
		{56C95629-3B34-47FE-B988-04274409294F} = {AF9F4FA0-52A2-4551-8C69-D48B4DD5AB34}
		{78146821-FBC1-43AF-B515-BE2822CBBCBB} = {EEF2787C-08C9-434E-A71F-6EBF8B17677F}
		{B27D5994-7531-4B23-A40F-9CDB6BBC045B} = {EEF2787C-08C9-434E-A71F-6EBF8B17677F}
		{2C4D35DD-4715-4A66-9D2C-9FEAC0CE3F4A} = {EEF2787C-08C9-434E-A71F-6EBF8B17677F}
		{DF9D041F-0974-4A6F-BC30-274E0F915D89} = {EEF2787C-08C9-434E-A71F-6EBF8B17677F}
		{3D9A7EFD-6AA6-4560-BC2B-E403A6B55C47} = {EEF2787C-08C9-434E-A71F-6EBF8B17677F}
		{8579E524-8611-43DE-A7C4-5D7D5F7E0308} = {EEF2787C-08C9-434E-A71F-6EBF8B17677F}
		{74139B5E-9BF9-4B11-A11A-BB44A4384029} = {EEF2787C-08C9-434E-A71F-6EBF8B17677F}
	EndGlobalSection
	GlobalSection(ExtensibilityGlobals) = postSolution
		SolutionGuid = {D9B291DE-7C40-4A47-B31E-B8B2D8EEF63A}
	EndGlobalSection
EndGlobal
